
Microsoft Visual Studio Solution File, Format Version 12.00
# Visual Studio 15
VisualStudioVersion = 15.0.27703.2026
MinimumVisualStudioVersion = 10.0.40219.1
Project("{FAE04EC0-301F-11D3-BF4B-00C04F79EFBC}") = "Lab28DeckofCardsAPI", "Lab28DeckofCardsAPI\Lab28DeckofCardsAPI.csproj", "{3896FD00-0C7B-4AC1-814F-226B2FA8D3C3}"
EndProject
Global
	GlobalSection(SolutionConfigurationPlatforms) = preSolution
		Debug|Any CPU = Debug|Any CPU
		Release|Any CPU = Release|Any CPU
	EndGlobalSection
	GlobalSection(ProjectConfigurationPlatforms) = postSolution
		{3896FD00-0C7B-4AC1-814F-226B2FA8D3C3}.Debug|Any CPU.ActiveCfg = Debug|Any CPU
		{3896FD00-0C7B-4AC1-814F-226B2FA8D3C3}.Debug|Any CPU.Build.0 = Debug|Any CPU
		{3896FD00-0C7B-4AC1-814F-226B2FA8D3C3}.Release|Any CPU.ActiveCfg = Release|Any CPU
		{3896FD00-0C7B-4AC1-814F-226B2FA8D3C3}.Release|Any CPU.Build.0 = Release|Any CPU
	EndGlobalSection
	GlobalSection(SolutionProperties) = preSolution
		HideSolutionNode = FALSE
	EndGlobalSection
	GlobalSection(ExtensibilityGlobals) = postSolution
		SolutionGuid = {00D6435B-5B9B-4EBC-ADAE-C782830C8473}
	EndGlobalSection
EndGlobal
